{
  "name": "tests1",
  "version": "1.0.0",
  "lockfileVersion": 1,
  "requires": true,
  "dependencies": {
    "@playwright/test": {
      "version": "1.27.1",
      "resolved": "https://registry.npmjs.org/@playwright/test/-/test-1.27.1.tgz",
      "integrity": "sha512-mrL2q0an/7tVqniQQF6RBL2saskjljXzqNcCOVMUjRIgE6Y38nCNaP+Dc2FBW06bcpD3tqIws/HT9qiMHbNU0A==",
      "dev": true,
      "requires": {
        "@types/node": "*",
        "playwright-core": "1.27.1"
      },
      "dependencies": {
        "playwright-core": {
          "version": "1.27.1",
          "resolved": "https://registry.npmjs.org/playwright-core/-/playwright-core-1.27.1.tgz",
          "integrity": "sha512-9EmeXDncC2Pmp/z+teoVYlvmPWUC6ejSSYZUln7YaP89Z6lpAaiaAnqroUt/BoLo8tn7WYShcfaCh+xofZa44Q==",
          "dev": true
        }
      }
    },
    "@types/node": {
      "version": "18.11.2",
      "resolved": "https://registry.npmjs.org/@types/node/-/node-18.11.2.tgz",
      "integrity": "sha512-BWN3M23gLO2jVG8g/XHIRFWiiV4/GckeFIqbU/C4V3xpoBBWSMk4OZomouN0wCkfQFPqgZikyLr7DOYDysIkkw==",
      "dev": true
    },
    "allure-commandline": {
      "version": "2.18.1",
      "resolved": "https://registry.npmjs.org/allure-commandline/-/allure-commandline-2.18.1.tgz",
      "integrity": "sha512-bB0jY00yXxROgaTkC/PTFzmT0sVuHGiOhm80onO+N/tr5MF3eQrBkwTOdvuefEWJ1NTACutvmzZSYn8o6W2evA==",
      "dev": true
    },
    "allure-js-commons": {
      "version": "2.0.0-beta.19",
      "resolved": "https://registry.npmjs.org/allure-js-commons/-/allure-js-commons-2.0.0-beta.19.tgz",
      "integrity": "sha512-sgt7TnU7s8QIzEOmLFO0T5ih4W2YbLrcsL1ElO7WN/dPzIww4G1BBJQDK98VCS+cG5qIljBYRuJ+rtzKWgtM8A==",
      "dev": true,
      "requires": {
        "mkdirp": "^1.0.4",
        "properties": "^1.2.1",
        "uuid": "^8.3.0"
      }
    },
    "allure-playwright": {
      "version": "2.0.0-beta.19",
      "resolved": "https://registry.npmjs.org/allure-playwright/-/allure-playwright-2.0.0-beta.19.tgz",
      "integrity": "sha512-TMSZToE0oPXz0qfH1cMaO5kcMrV8GkSlM1650Hk9dwpR/ldH2zx23/E7l1f77Elpqp/bGNyekjXNhYSx9ihCVg==",
      "dev": true,
      "requires": {
        "allure-js-commons": "2.0.0-beta.19"
      }
    },
    "experimental-allure-js-commons": {
      "version": "0.0.1",
      "resolved": "https://registry.npmjs.org/experimental-allure-js-commons/-/experimental-allure-js-commons-0.0.1.tgz",
      "integrity": "sha512-/cduBI0j/Vj4+NyriSu4yHPetuXxOvg2xH10VAs2w9l0P917qKWhRO58gZrn6aXZBDalrmjAQXiqYNz2odNxOg==",
      "dev": true,
      "requires": {
        "mkdirp": "^1.0.4",
        "properties": "^1.2.1",
        "uuid": "^8.3.0"
      }
    },
    "experimental-allure-playwright": {
      "version": "0.0.3",
      "resolved": "https://registry.npmjs.org/experimental-allure-playwright/-/experimental-allure-playwright-0.0.3.tgz",
      "integrity": "sha512-SLLy5ipeAGRR/z4ZB0IXI8DZnYovoBfFwYV8ChrBbQsaAQJw9ZBCuMIkUHELd/dms+xakxWi6vKOAHEz7DcOvw==",
      "dev": true,
      "requires": {
        "@types/node": "^15.14.1",
        "experimental-allure-js-commons": "=0.0.1"
      },
      "dependencies": {
        "@types/node": {
          "version": "15.14.9",
          "resolved": "https://registry.npmjs.org/@types/node/-/node-15.14.9.tgz",
          "integrity": "sha512-qjd88DrCxupx/kJD5yQgZdcYKZKSIGBVDIBE1/LTGcNm3d2Np/jxojkdePDdfnBHJc5W7vSMpbJ1aB7p/Py69A==",
          "dev": true
        }
      }
    },
    "mkdirp": {
      "version": "1.0.4",
      "resolved": "https://registry.npmjs.org/mkdirp/-/mkdirp-1.0.4.tgz",
      "integrity": "sha512-vVqVZQyf3WLx2Shd0qJ9xuvqgAyKPLAiqITEtqW0oIUjzo3PePDd6fW9iFz30ef7Ysp/oiWqbhszeGWW2T6Gzw==",
      "dev": true
    },
    "playwright": {
      "version": "1.27.1",
      "resolved": "https://registry.npmjs.org/playwright/-/playwright-1.27.1.tgz",
      "integrity": "sha512-xXYZ7m36yTtC+oFgqH0eTgullGztKSRMb4yuwLPl8IYSmgBM88QiB+3IWb1mRIC9/NNwcgbG0RwtFlg+EAFQHQ==",
      "dev": true,
      "requires": {
        "playwright-core": "1.27.1"
      },
      "dependencies": {
        "playwright-core": {
          "version": "1.27.1",
          "resolved": "https://registry.npmjs.org/playwright-core/-/playwright-core-1.27.1.tgz",
          "integrity": "sha512-9EmeXDncC2Pmp/z+teoVYlvmPWUC6ejSSYZUln7YaP89Z6lpAaiaAnqroUt/BoLo8tn7WYShcfaCh+xofZa44Q==",
          "dev": true
        }
      }
    },
    "properties": {
      "version": "1.2.1",
      "resolved": "https://registry.npmjs.org/properties/-/properties-1.2.1.tgz",
      "integrity": "sha512-qYNxyMj1JeW54i/EWEFsM1cVwxJbtgPp8+0Wg9XjNaK6VE/c4oRi6PNu5p7w1mNXEIQIjV5Wwn8v8Gz82/QzdQ==",
      "dev": true
    },
    "uuid": {
      "version": "8.3.2",
      "resolved": "https://registry.npmjs.org/uuid/-/uuid-8.3.2.tgz",
      "integrity": "sha512-+NYs2QeMWy+GWFOEm9xnn6HCDp0l7QBD7ml8zLUmJ+93Q5NF0NocErnwkTkXVFNiX3/fpC6afS8Dhb/gz7R7eg==",
      "dev": true
    }
  }
}
